// !$*UTF8*$!
{
	archiveVersion = 1;
	classes = {
	};
	objectVersion = 55;
	objects = {

/* Begin PBXBuildFile section */
		09F3AA9EB09F488D1D6ABF6F /* Pods_LocalNotificationExample_LocalNotificationExampleUITests.framework in Frameworks */ = {isa = PBXBuildFile; fileRef = 33C1AF9899C039B9B2ADBD1D /* Pods_LocalNotificationExample_LocalNotificationExampleUITests.framework */; };
		8450F8B9C98CCAD8AC701B97 /* Pods_LocalNotificationExample.framework in Frameworks */ = {isa = PBXBuildFile; fileRef = 3F13DDB4F0E8703BF7462560 /* Pods_LocalNotificationExample.framework */; };
		E88E8A802869B5BE001C96FB /* AppDelegate.swift in Sources */ = {isa = PBXBuildFile; fileRef = E88E8A7F2869B5BE001C96FB /* AppDelegate.swift */; };
		E88E8A822869B5BE001C96FB /* SceneDelegate.swift in Sources */ = {isa = PBXBuildFile; fileRef = E88E8A812869B5BE001C96FB /* SceneDelegate.swift */; };
		E88E8A842869B5BE001C96FB /* HomeViewController.swift in Sources */ = {isa = PBXBuildFile; fileRef = E88E8A832869B5BE001C96FB /* HomeViewController.swift */; };
		E88E8A892869B5C0001C96FB /* Assets.xcassets in Resources */ = {isa = PBXBuildFile; fileRef = E88E8A882869B5C0001C96FB /* Assets.xcassets */; };
		E88E8A8C2869B5C0001C96FB /* LaunchScreen.storyboard in Resources */ = {isa = PBXBuildFile; fileRef = E88E8A8A2869B5C0001C96FB /* LaunchScreen.storyboard */; };
		E8FB9694286A0CAF0091072B /* LocalNotificationExampleUITests.swift in Sources */ = {isa = PBXBuildFile; fileRef = E8FB9693286A0CAF0091072B /* LocalNotificationExampleUITests.swift */; };
		E8FB9696286A0CAF0091072B /* LocalNotificationExampleUITestsLaunchTests.swift in Sources */ = {isa = PBXBuildFile; fileRef = E8FB9695286A0CAF0091072B /* LocalNotificationExampleUITestsLaunchTests.swift */; };
/* End PBXBuildFile section */

/* Begin PBXContainerItemProxy section */
		E8FB9697286A0CAF0091072B /* PBXContainerItemProxy */ = {
			isa = PBXContainerItemProxy;
			containerPortal = E88E8A742869B5BE001C96FB /* Project object */;
			proxyType = 1;
			remoteGlobalIDString = E88E8A7B2869B5BE001C96FB;
			remoteInfo = LocalNotificationExample;
		};
/* End PBXContainerItemProxy section */

/* Begin PBXFileReference section */
		0B8435D484138E7E84D566AC /* Pods-LocalNotificationExample-LocalNotificationExampleUITests.debug.xcconfig */ = {isa = PBXFileReference; includeInIndex = 1; lastKnownFileType = text.xcconfig; name = "Pods-LocalNotificationExample-LocalNotificationExampleUITests.debug.xcconfig"; path = "Target Support Files/Pods-LocalNotificationExample-LocalNotificationExampleUITests/Pods-LocalNotificationExample-LocalNotificationExampleUITests.debug.xcconfig"; sourceTree = "<group>"; };
		33C1AF9899C039B9B2ADBD1D /* Pods_LocalNotificationExample_LocalNotificationExampleUITests.framework */ = {isa = PBXFileReference; explicitFileType = wrapper.framework; includeInIndex = 0; path = Pods_LocalNotificationExample_LocalNotificationExampleUITests.framework; sourceTree = BUILT_PRODUCTS_DIR; };
		3851DBA1AE3315744C950061 /* Pods-LocalNotificationExample-LocalNotificationExampleUITests.release.xcconfig */ = {isa = PBXFileReference; includeInIndex = 1; lastKnownFileType = text.xcconfig; name = "Pods-LocalNotificationExample-LocalNotificationExampleUITests.release.xcconfig"; path = "Target Support Files/Pods-LocalNotificationExample-LocalNotificationExampleUITests/Pods-LocalNotificationExample-LocalNotificationExampleUITests.release.xcconfig"; sourceTree = "<group>"; };
		3F13DDB4F0E8703BF7462560 /* Pods_LocalNotificationExample.framework */ = {isa = PBXFileReference; explicitFileType = wrapper.framework; includeInIndex = 0; path = Pods_LocalNotificationExample.framework; sourceTree = BUILT_PRODUCTS_DIR; };
		44966AF7BEC2BEF7EF619297 /* Pods-LocalNotificationExample.release.xcconfig */ = {isa = PBXFileReference; includeInIndex = 1; lastKnownFileType = text.xcconfig; name = "Pods-LocalNotificationExample.release.xcconfig"; path = "Target Support Files/Pods-LocalNotificationExample/Pods-LocalNotificationExample.release.xcconfig"; sourceTree = "<group>"; };
		DE23D61B3B8ADD75A27CFC50 /* Pods-LocalNotificationExample.debug.xcconfig */ = {isa = PBXFileReference; includeInIndex = 1; lastKnownFileType = text.xcconfig; name = "Pods-LocalNotificationExample.debug.xcconfig"; path = "Target Support Files/Pods-LocalNotificationExample/Pods-LocalNotificationExample.debug.xcconfig"; sourceTree = "<group>"; };
		E88E8A7C2869B5BE001C96FB /* LocalNotificationExample.app */ = {isa = PBXFileReference; explicitFileType = wrapper.application; includeInIndex = 0; path = LocalNotificationExample.app; sourceTree = BUILT_PRODUCTS_DIR; };
		E88E8A7F2869B5BE001C96FB /* AppDelegate.swift */ = {isa = PBXFileReference; lastKnownFileType = sourcecode.swift; path = AppDelegate.swift; sourceTree = "<group>"; };
		E88E8A812869B5BE001C96FB /* SceneDelegate.swift */ = {isa = PBXFileReference; lastKnownFileType = sourcecode.swift; path = SceneDelegate.swift; sourceTree = "<group>"; };
		E88E8A832869B5BE001C96FB /* HomeViewController.swift */ = {isa = PBXFileReference; lastKnownFileType = sourcecode.swift; path = HomeViewController.swift; sourceTree = "<group>"; };
		E88E8A882869B5C0001C96FB /* Assets.xcassets */ = {isa = PBXFileReference; lastKnownFileType = folder.assetcatalog; path = Assets.xcassets; sourceTree = "<group>"; };
		E88E8A8B2869B5C0001C96FB /* Base */ = {isa = PBXFileReference; lastKnownFileType = file.storyboard; name = Base; path = Base.lproj/LaunchScreen.storyboard; sourceTree = "<group>"; };
		E88E8A8D2869B5C0001C96FB /* Info.plist */ = {isa = PBXFileReference; lastKnownFileType = text.plist.xml; name = Info.plist; path = LocalNotificationExample/Resources/Info.plist; sourceTree = SOURCE_ROOT; };
		E8FB9691286A0CAF0091072B /* LocalNotificationExampleUITests.xctest */ = {isa = PBXFileReference; explicitFileType = wrapper.cfbundle; includeInIndex = 0; path = LocalNotificationExampleUITests.xctest; sourceTree = BUILT_PRODUCTS_DIR; };
		E8FB9693286A0CAF0091072B /* LocalNotificationExampleUITests.swift */ = {isa = PBXFileReference; lastKnownFileType = sourcecode.swift; path = LocalNotificationExampleUITests.swift; sourceTree = "<group>"; };
		E8FB9695286A0CAF0091072B /* LocalNotificationExampleUITestsLaunchTests.swift */ = {isa = PBXFileReference; lastKnownFileType = sourcecode.swift; path = LocalNotificationExampleUITestsLaunchTests.swift; sourceTree = "<group>"; };
/* End PBXFileReference section */

/* Begin PBXFrameworksBuildPhase section */
		E88E8A792869B5BE001C96FB /* Frameworks */ = {
			isa = PBXFrameworksBuildPhase;
			buildActionMask = 2147483647;
			files = (
				8450F8B9C98CCAD8AC701B97 /* Pods_LocalNotificationExample.framework in Frameworks */,
			);
			runOnlyForDeploymentPostprocessing = 0;
		};
		E8FB968E286A0CAF0091072B /* Frameworks */ = {
			isa = PBXFrameworksBuildPhase;
			buildActionMask = 2147483647;
			files = (
				09F3AA9EB09F488D1D6ABF6F /* Pods_LocalNotificationExample_LocalNotificationExampleUITests.framework in Frameworks */,
			);
			runOnlyForDeploymentPostprocessing = 0;
		};
/* End PBXFrameworksBuildPhase section */

/* Begin PBXGroup section */
		08E22C4A4EC97814025260F8 /* Frameworks */ = {
			isa = PBXGroup;
			children = (
				3F13DDB4F0E8703BF7462560 /* Pods_LocalNotificationExample.framework */,
				33C1AF9899C039B9B2ADBD1D /* Pods_LocalNotificationExample_LocalNotificationExampleUITests.framework */,
			);
			name = Frameworks;
			sourceTree = "<group>";
		};
		7B6F9DCAEDB2D54E410A390A /* Pods */ = {
			isa = PBXGroup;
			children = (
				DE23D61B3B8ADD75A27CFC50 /* Pods-LocalNotificationExample.debug.xcconfig */,
				44966AF7BEC2BEF7EF619297 /* Pods-LocalNotificationExample.release.xcconfig */,
				0B8435D484138E7E84D566AC /* Pods-LocalNotificationExample-LocalNotificationExampleUITests.debug.xcconfig */,
				3851DBA1AE3315744C950061 /* Pods-LocalNotificationExample-LocalNotificationExampleUITests.release.xcconfig */,
			);
			name = Pods;
			path = Pods;
			sourceTree = "<group>";
		};
		E88E8A732869B5BE001C96FB = {
			isa = PBXGroup;
			children = (
				E88E8A7E2869B5BE001C96FB /* LocalNotificationExample */,
				E8FB9692286A0CAF0091072B /* LocalNotificationExampleUITests */,
				E88E8A7D2869B5BE001C96FB /* Products */,
				7B6F9DCAEDB2D54E410A390A /* Pods */,
				08E22C4A4EC97814025260F8 /* Frameworks */,
			);
			sourceTree = "<group>";
		};
		E88E8A7D2869B5BE001C96FB /* Products */ = {
			isa = PBXGroup;
			children = (
				E88E8A7C2869B5BE001C96FB /* LocalNotificationExample.app */,
				E8FB9691286A0CAF0091072B /* LocalNotificationExampleUITests.xctest */,
			);
			name = Products;
			sourceTree = "<group>";
		};
		E88E8A7E2869B5BE001C96FB /* LocalNotificationExample */ = {
			isa = PBXGroup;
			children = (
				E88E8A95286A0528001C96FB /* Application */,
				E88E8A94286A04E1001C96FB /* Resources */,
				E88E8A93286A04CD001C96FB /* View */,
			);
			path = LocalNotificationExample;
			sourceTree = "<group>";
		};
		E88E8A93286A04CD001C96FB /* View */ = {
			isa = PBXGroup;
			children = (
				E88E8A832869B5BE001C96FB /* HomeViewController.swift */,
			);
			path = View;
			sourceTree = "<group>";
		};
		E88E8A94286A04E1001C96FB /* Resources */ = {
			isa = PBXGroup;
			children = (
				E88E8A8D2869B5C0001C96FB /* Info.plist */,
				E88E8A882869B5C0001C96FB /* Assets.xcassets */,
				E88E8A8A2869B5C0001C96FB /* LaunchScreen.storyboard */,
			);
			path = Resources;
			sourceTree = "<group>";
		};
		E88E8A95286A0528001C96FB /* Application */ = {
			isa = PBXGroup;
			children = (
				E88E8A7F2869B5BE001C96FB /* AppDelegate.swift */,
				E88E8A812869B5BE001C96FB /* SceneDelegate.swift */,
			);
			path = Application;
			sourceTree = "<group>";
		};
		E8FB9692286A0CAF0091072B /* LocalNotificationExampleUITests */ = {
			isa = PBXGroup;
			children = (
				E8FB9693286A0CAF0091072B /* LocalNotificationExampleUITests.swift */,
				E8FB9695286A0CAF0091072B /* LocalNotificationExampleUITestsLaunchTests.swift */,
			);
			path = LocalNotificationExampleUITests;
			sourceTree = "<group>";
		};
/* End PBXGroup section */

/* Begin PBXNativeTarget section */
		E88E8A7B2869B5BE001C96FB /* LocalNotificationExample */ = {
			isa = PBXNativeTarget;
			buildConfigurationList = E88E8A902869B5C0001C96FB /* Build configuration list for PBXNativeTarget "LocalNotificationExample" */;
			buildPhases = (
				5D9A0D3DF91350479481104C /* [CP] Check Pods Manifest.lock */,
				E88E8A782869B5BE001C96FB /* Sources */,
				E88E8A792869B5BE001C96FB /* Frameworks */,
				E88E8A7A2869B5BE001C96FB /* Resources */,
				8C21965325458C43CBD8F8ED /* [CP] Embed Pods Frameworks */,
			);
			buildRules = (
			);
			dependencies = (
			);
			name = LocalNotificationExample;
			productName = LocalNotificationExample;
			productReference = E88E8A7C2869B5BE001C96FB /* LocalNotificationExample.app */;
			productType = "com.apple.product-type.application";
		};
		E8FB9690286A0CAF0091072B /* LocalNotificationExampleUITests */ = {
			isa = PBXNativeTarget;
			buildConfigurationList = E8FB9699286A0CAF0091072B /* Build configuration list for PBXNativeTarget "LocalNotificationExampleUITests" */;
			buildPhases = (
				689FFE4258811F25880EF0AD /* [CP] Check Pods Manifest.lock */,
				E8FB968D286A0CAF0091072B /* Sources */,
				E8FB968E286A0CAF0091072B /* Frameworks */,
				E8FB968F286A0CAF0091072B /* Resources */,
				92C66C948295DFA8B9134502 /* [CP] Embed Pods Frameworks */,
			);
			buildRules = (
			);
			dependencies = (
				E8FB9698286A0CAF0091072B /* PBXTargetDependency */,
			);
			name = LocalNotificationExampleUITests;
			productName = LocalNotificationExampleUITests;
			productReference = E8FB9691286A0CAF0091072B /* LocalNotificationExampleUITests.xctest */;
			productType = "com.apple.product-type.bundle.ui-testing";
		};
/* End PBXNativeTarget section */

/* Begin PBXProject section */
		E88E8A742869B5BE001C96FB /* Project object */ = {
			isa = PBXProject;
			attributes = {
				BuildIndependentTargetsInParallel = 1;
				LastSwiftUpdateCheck = 1330;
				LastUpgradeCheck = 1330;
				TargetAttributes = {
					E88E8A7B2869B5BE001C96FB = {
						CreatedOnToolsVersion = 13.3.1;
					};
					E8FB9690286A0CAF0091072B = {
						CreatedOnToolsVersion = 13.3.1;
						TestTargetID = E88E8A7B2869B5BE001C96FB;
					};
				};
			};
			buildConfigurationList = E88E8A772869B5BE001C96FB /* Build configuration list for PBXProject "LocalNotificationExample" */;
			compatibilityVersion = "Xcode 13.0";
			developmentRegion = en;
			hasScannedForEncodings = 0;
			knownRegions = (
				en,
				Base,
			);
			mainGroup = E88E8A732869B5BE001C96FB;
			productRefGroup = E88E8A7D2869B5BE001C96FB /* Products */;
			projectDirPath = "";
			projectRoot = "";
			targets = (
				E88E8A7B2869B5BE001C96FB /* LocalNotificationExample */,
				E8FB9690286A0CAF0091072B /* LocalNotificationExampleUITests */,
			);
		};
/* End PBXProject section */

/* Begin PBXResourcesBuildPhase section */
		E88E8A7A2869B5BE001C96FB /* Resources */ = {
			isa = PBXResourcesBuildPhase;
			buildActionMask = 2147483647;
			files = (
				E88E8A8C2869B5C0001C96FB /* LaunchScreen.storyboard in Resources */,
				E88E8A892869B5C0001C96FB /* Assets.xcassets in Resources */,
			);
			runOnlyForDeploymentPostprocessing = 0;
		};
		E8FB968F286A0CAF0091072B /* Resources */ = {
			isa = PBXResourcesBuildPhase;
			buildActionMask = 2147483647;
			files = (
			);
			runOnlyForDeploymentPostprocessing = 0;
		};
/* End PBXResourcesBuildPhase section */

/* Begin PBXShellScriptBuildPhase section */
		5D9A0D3DF91350479481104C /* [CP] Check Pods Manifest.lock */ = {
			isa = PBXShellScriptBuildPhase;
			buildActionMask = 2147483647;
			files = (
			);
			inputFileListPaths = (
			);
			inputPaths = (
				"${PODS_PODFILE_DIR_PATH}/Podfile.lock",
				"${PODS_ROOT}/Manifest.lock",
			);
			name = "[CP] Check Pods Manifest.lock";
			outputFileListPaths = (
			);
			outputPaths = (
				"$(DERIVED_FILE_DIR)/Pods-LocalNotificationExample-checkManifestLockResult.txt",
			);
			runOnlyForDeploymentPostprocessing = 0;
			shellPath = /bin/sh;
			shellScript = "diff \"${PODS_PODFILE_DIR_PATH}/Podfile.lock\" \"${PODS_ROOT}/Manifest.lock\" > /dev/null\nif [ $? != 0 ] ; then\n    # print error to STDERR\n    echo \"error: The sandbox is not in sync with the Podfile.lock. Run 'pod install' or update your CocoaPods installation.\" >&2\n    exit 1\nfi\n# This output is used by Xcode 'outputs' to avoid re-running this script phase.\necho \"SUCCESS\" > \"${SCRIPT_OUTPUT_FILE_0}\"\n";
			showEnvVarsInLog = 0;
		};
		689FFE4258811F25880EF0AD /* [CP] Check Pods Manifest.lock */ = {
			isa = PBXShellScriptBuildPhase;
			buildActionMask = 2147483647;
			files = (
			);
			inputFileListPaths = (
			);
			inputPaths = (
				"${PODS_PODFILE_DIR_PATH}/Podfile.lock",
				"${PODS_ROOT}/Manifest.lock",
			);
			name = "[CP] Check Pods Manifest.lock";
			outputFileListPaths = (
			);
			outputPaths = (
				"$(DERIVED_FILE_DIR)/Pods-LocalNotificationExample-LocalNotificationExampleUITests-checkManifestLockResult.txt",
			);
			runOnlyForDeploymentPostprocessing = 0;
			shellPath = /bin/sh;
			shellScript = "diff \"${PODS_PODFILE_DIR_PATH}/Podfile.lock\" \"${PODS_ROOT}/Manifest.lock\" > /dev/null\nif [ $? != 0 ] ; then\n    # print error to STDERR\n    echo \"error: The sandbox is not in sync with the Podfile.lock. Run 'pod install' or update your CocoaPods installation.\" >&2\n    exit 1\nfi\n# This output is used by Xcode 'outputs' to avoid re-running this script phase.\necho \"SUCCESS\" > \"${SCRIPT_OUTPUT_FILE_0}\"\n";
			showEnvVarsInLog = 0;
		};
		8C21965325458C43CBD8F8ED /* [CP] Embed Pods Frameworks */ = {
			isa = PBXShellScriptBuildPhase;
			buildActionMask = 2147483647;
			files = (
			);
			inputFileListPaths = (
				"${PODS_ROOT}/Target Support Files/Pods-LocalNotificationExample/Pods-LocalNotificationExample-frameworks-${CONFIGURATION}-input-files.xcfilelist",
			);
			name = "[CP] Embed Pods Frameworks";
			outputFileListPaths = (
				"${PODS_ROOT}/Target Support Files/Pods-LocalNotificationExample/Pods-LocalNotificationExample-frameworks-${CONFIGURATION}-output-files.xcfilelist",
			);
			runOnlyForDeploymentPostprocessing = 0;
			shellPath = /bin/sh;
			shellScript = "\"${PODS_ROOT}/Target Support Files/Pods-LocalNotificationExample/Pods-LocalNotificationExample-frameworks.sh\"\n";
			showEnvVarsInLog = 0;
		};
		92C66C948295DFA8B9134502 /* [CP] Embed Pods Frameworks */ = {
			isa = PBXShellScriptBuildPhase;
			buildActionMask = 2147483647;
			files = (
			);
			inputFileListPaths = (
				"${PODS_ROOT}/Target Support Files/Pods-LocalNotificationExample-LocalNotificationExampleUITests/Pods-LocalNotificationExample-LocalNotificationExampleUITests-frameworks-${CONFIGURATION}-input-files.xcfilelist",
			);
			name = "[CP] Embed Pods Frameworks";
			outputFileListPaths = (
				"${PODS_ROOT}/Target Support Files/Pods-LocalNotificationExample-LocalNotificationExampleUITests/Pods-LocalNotificationExample-LocalNotificationExampleUITests-frameworks-${CONFIGURATION}-output-files.xcfilelist",
			);
			runOnlyForDeploymentPostprocessing = 0;
			shellPath = /bin/sh;
			shellScript = "\"${PODS_ROOT}/Target Support Files/Pods-LocalNotificationExample-LocalNotificationExampleUITests/Pods-LocalNotificationExample-LocalNotificationExampleUITests-frameworks.sh\"\n";
			showEnvVarsInLog = 0;
		};
/* End PBXShellScriptBuildPhase section */

/* Begin PBXSourcesBuildPhase section */
		E88E8A782869B5BE001C96FB /* Sources */ = {
			isa = PBXSourcesBuildPhase;
			buildActionMask = 2147483647;
			files = (
				E88E8A842869B5BE001C96FB /* HomeViewController.swift in Sources */,
				E88E8A802869B5BE001C96FB /* AppDelegate.swift in Sources */,
				E88E8A822869B5BE001C96FB /* SceneDelegate.swift in Sources */,
			);
			runOnlyForDeploymentPostprocessing = 0;
		};
		E8FB968D286A0CAF0091072B /* Sources */ = {
			isa = PBXSourcesBuildPhase;
			buildActionMask = 2147483647;
			files = (
				E8FB9696286A0CAF0091072B /* LocalNotificationExampleUITestsLaunchTests.swift in Sources */,
				E8FB9694286A0CAF0091072B /* LocalNotificationExampleUITests.swift in Sources */,
			);
			runOnlyForDeploymentPostprocessing = 0;
		};
/* End PBXSourcesBuildPhase section */

/* Begin PBXTargetDependency section */
		E8FB9698286A0CAF0091072B /* PBXTargetDependency */ = {
			isa = PBXTargetDependency;
			target = E88E8A7B2869B5BE001C96FB /* LocalNotificationExample */;
			targetProxy = E8FB9697286A0CAF0091072B /* PBXContainerItemProxy */;
		};
/* End PBXTargetDependency section */

/* Begin PBXVariantGroup section */
		E88E8A8A2869B5C0001C96FB /* LaunchScreen.storyboard */ = {
			isa = PBXVariantGroup;
			children = (
				E88E8A8B2869B5C0001C96FB /* Base */,
			);
			name = LaunchScreen.storyboard;
			sourceTree = "<group>";
		};
/* End PBXVariantGroup section */

/* Begin XCBuildConfiguration section */
		E88E8A8E2869B5C0001C96FB /* Debug */ = {
			isa = XCBuildConfiguration;
			buildSettings = {
				ALWAYS_SEARCH_USER_PATHS = NO;
				CLANG_ANALYZER_NONNULL = YES;
				CLANG_ANALYZER_NUMBER_OBJECT_CONVERSION = YES_AGGRESSIVE;
				CLANG_CXX_LANGUAGE_STANDARD = "gnu++17";
				CLANG_ENABLE_MODULES = YES;
				CLANG_ENABLE_OBJC_ARC = YES;
				CLANG_ENABLE_OBJC_WEAK = YES;
				CLANG_WARN_BLOCK_CAPTURE_AUTORELEASING = YES;
				CLANG_WARN_BOOL_CONVERSION = YES;
				CLANG_WARN_COMMA = YES;
				CLANG_WARN_CONSTANT_CONVERSION = YES;
				CLANG_WARN_DEPRECATED_OBJC_IMPLEMENTATIONS = YES;
				CLANG_WARN_DIRECT_OBJC_ISA_USAGE = YES_ERROR;
				CLANG_WARN_DOCUMENTATION_COMMENTS = YES;
				CLANG_WARN_EMPTY_BODY = YES;
				CLANG_WARN_ENUM_CONVERSION = YES;
				CLANG_WARN_INFINITE_RECURSION = YES;
				CLANG_WARN_INT_CONVERSION = YES;
				CLANG_WARN_NON_LITERAL_NULL_CONVERSION = YES;
				CLANG_WARN_OBJC_IMPLICIT_RETAIN_SELF = YES;
				CLANG_WARN_OBJC_LITERAL_CONVERSION = YES;
				CLANG_WARN_OBJC_ROOT_CLASS = YES_ERROR;
				CLANG_WARN_QUOTED_INCLUDE_IN_FRAMEWORK_HEADER = YES;
				CLANG_WARN_RANGE_LOOP_ANALYSIS = YES;
				CLANG_WARN_STRICT_PROTOTYPES = YES;
				CLANG_WARN_SUSPICIOUS_MOVE = YES;
				CLANG_WARN_UNGUARDED_AVAILABILITY = YES_AGGRESSIVE;
				CLANG_WARN_UNREACHABLE_CODE = YES;
				CLANG_WARN__DUPLICATE_METHOD_MATCH = YES;
				COPY_PHASE_STRIP = NO;
				DEBUG_INFORMATION_FORMAT = dwarf;
				ENABLE_STRICT_OBJC_MSGSEND = YES;
				ENABLE_TESTABILITY = YES;
				GCC_C_LANGUAGE_STANDARD = gnu11;
				GCC_DYNAMIC_NO_PIC = NO;
				GCC_NO_COMMON_BLOCKS = YES;
				GCC_OPTIMIZATION_LEVEL = 0;
				GCC_PREPROCESSOR_DEFINITIONS = (
					"DEBUG=1",
					"$(inherited)",
				);
				GCC_WARN_64_TO_32_BIT_CONVERSION = YES;
				GCC_WARN_ABOUT_RETURN_TYPE = YES_ERROR;
				GCC_WARN_UNDECLARED_SELECTOR = YES;
				GCC_WARN_UNINITIALIZED_AUTOS = YES_AGGRESSIVE;
				GCC_WARN_UNUSED_FUNCTION = YES;
				GCC_WARN_UNUSED_VARIABLE = YES;
				IPHONEOS_DEPLOYMENT_TARGET = 15.0;
				MTL_ENABLE_DEBUG_INFO = INCLUDE_SOURCE;
				MTL_FAST_MATH = YES;
				ONLY_ACTIVE_ARCH = YES;
				SDKROOT = iphoneos;
				SWIFT_ACTIVE_COMPILATION_CONDITIONS = DEBUG;
				SWIFT_OPTIMIZATION_LEVEL = "-Onone";
			};
			name = Debug;
		};
		E88E8A8F2869B5C0001C96FB /* Release */ = {
			isa = XCBuildConfiguration;
			buildSettings = {
				ALWAYS_SEARCH_USER_PATHS = NO;
				CLANG_ANALYZER_NONNULL = YES;
				CLANG_ANALYZER_NUMBER_OBJECT_CONVERSION = YES_AGGRESSIVE;
				CLANG_CXX_LANGUAGE_STANDARD = "gnu++17";
				CLANG_ENABLE_MODULES = YES;
				CLANG_ENABLE_OBJC_ARC = YES;
				CLANG_ENABLE_OBJC_WEAK = YES;
				CLANG_WARN_BLOCK_CAPTURE_AUTORELEASING = YES;
				CLANG_WARN_BOOL_CONVERSION = YES;
				CLANG_WARN_COMMA = YES;
				CLANG_WARN_CONSTANT_CONVERSION = YES;
				CLANG_WARN_DEPRECATED_OBJC_IMPLEMENTATIONS = YES;
				CLANG_WARN_DIRECT_OBJC_ISA_USAGE = YES_ERROR;
				CLANG_WARN_DOCUMENTATION_COMMENTS = YES;
				CLANG_WARN_EMPTY_BODY = YES;
				CLANG_WARN_ENUM_CONVERSION = YES;
				CLANG_WARN_INFINITE_RECURSION = YES;
				CLANG_WARN_INT_CONVERSION = YES;
				CLANG_WARN_NON_LITERAL_NULL_CONVERSION = YES;
				CLANG_WARN_OBJC_IMPLICIT_RETAIN_SELF = YES;
				CLANG_WARN_OBJC_LITERAL_CONVERSION = YES;
				CLANG_WARN_OBJC_ROOT_CLASS = YES_ERROR;
				CLANG_WARN_QUOTED_INCLUDE_IN_FRAMEWORK_HEADER = YES;
				CLANG_WARN_RANGE_LOOP_ANALYSIS = YES;
				CLANG_WARN_STRICT_PROTOTYPES = YES;
				CLANG_WARN_SUSPICIOUS_MOVE = YES;
				CLANG_WARN_UNGUARDED_AVAILABILITY = YES_AGGRESSIVE;
				CLANG_WARN_UNREACHABLE_CODE = YES;
				CLANG_WARN__DUPLICATE_METHOD_MATCH = YES;
				COPY_PHASE_STRIP = NO;
				DEBUG_INFORMATION_FORMAT = "dwarf-with-dsym";
				ENABLE_NS_ASSERTIONS = NO;
				ENABLE_STRICT_OBJC_MSGSEND = YES;
				GCC_C_LANGUAGE_STANDARD = gnu11;
				GCC_NO_COMMON_BLOCKS = YES;
				GCC_WARN_64_TO_32_BIT_CONVERSION = YES;
				GCC_WARN_ABOUT_RETURN_TYPE = YES_ERROR;
				GCC_WARN_UNDECLARED_SELECTOR = YES;
				GCC_WARN_UNINITIALIZED_AUTOS = YES_AGGRESSIVE;
				GCC_WARN_UNUSED_FUNCTION = YES;
				GCC_WARN_UNUSED_VARIABLE = YES;
				IPHONEOS_DEPLOYMENT_TARGET = 15.0;
				MTL_ENABLE_DEBUG_INFO = NO;
				MTL_FAST_MATH = YES;
				SDKROOT = iphoneos;
				SWIFT_COMPILATION_MODE = wholemodule;
				SWIFT_OPTIMIZATION_LEVEL = "-O";
				VALIDATE_PRODUCT = YES;
			};
			name = Release;
		};
		E88E8A912869B5C0001C96FB /* Debug */ = {
			isa = XCBuildConfiguration;
			baseConfigurationReference = DE23D61B3B8ADD75A27CFC50 /* Pods-LocalNotificationExample.debug.xcconfig */;
			buildSettings = {
				ASSETCATALOG_COMPILER_APPICON_NAME = AppIcon;
				ASSETCATALOG_COMPILER_GLOBAL_ACCENT_COLOR_NAME = AccentColor;
				CODE_SIGN_STYLE = Automatic;
				CURRENT_PROJECT_VERSION = 1;
				DEVELOPMENT_TEAM = 2AVC8X7323;
				GENERATE_INFOPLIST_FILE = YES;
				INFOPLIST_FILE = LocalNotificationExample/Resources/Info.plist;
				INFOPLIST_KEY_UIApplicationSupportsIndirectInputEvents = YES;
				INFOPLIST_KEY_UILaunchStoryboardName = LaunchScreen;
				INFOPLIST_KEY_UISupportedInterfaceOrientations = UIInterfaceOrientationPortrait;
				INFOPLIST_KEY_UISupportedInterfaceOrientations_iPad = "UIInterfaceOrientationPortrait UIInterfaceOrientationPortraitUpsideDown UIInterfaceOrientationLandscapeLeft UIInterfaceOrientationLandscapeRight";
				INFOPLIST_KEY_UISupportedInterfaceOrientations_iPhone = "UIInterfaceOrientationPortrait UIInterfaceOrientationLandscapeLeft UIInterfaceOrientationLandscapeRight";
				LD_RUNPATH_SEARCH_PATHS = (
					"$(inherited)",
					"@executable_path/Frameworks",
				);
				MARKETING_VERSION = 1.0;
				PRODUCT_BUNDLE_IDENTIFIER = woin2ee.LocalNotificationExample;
				PRODUCT_NAME = "$(TARGET_NAME)";
				SWIFT_EMIT_LOC_STRINGS = YES;
				SWIFT_VERSION = 5.0;
				TARGETED_DEVICE_FAMILY = 1;
			};
			name = Debug;
		};
		E88E8A922869B5C0001C96FB /* Release */ = {
			isa = XCBuildConfiguration;
			baseConfigurationReference = 44966AF7BEC2BEF7EF619297 /* Pods-LocalNotificationExample.release.xcconfig */;
			buildSettings = {
				ASSETCATALOG_COMPILER_APPICON_NAME = AppIcon;
				ASSETCATALOG_COMPILER_GLOBAL_ACCENT_COLOR_NAME = AccentColor;
				CODE_SIGN_STYLE = Automatic;
				CURRENT_PROJECT_VERSION = 1;
				DEVELOPMENT_TEAM = 2AVC8X7323;
				GENERATE_INFOPLIST_FILE = YES;
				INFOPLIST_FILE = LocalNotificationExample/Resources/Info.plist;
				INFOPLIST_KEY_UIApplicationSupportsIndirectInputEvents = YES;
				INFOPLIST_KEY_UILaunchStoryboardName = LaunchScreen;
				INFOPLIST_KEY_UISupportedInterfaceOrientations = UIInterfaceOrientationPortrait;
				INFOPLIST_KEY_UISupportedInterfaceOrientations_iPad = "UIInterfaceOrientationPortrait UIInterfaceOrientationPortraitUpsideDown UIInterfaceOrientationLandscapeLeft UIInterfaceOrientationLandscapeRight";
				INFOPLIST_KEY_UISupportedInterfaceOrientations_iPhone = "UIInterfaceOrientationPortrait UIInterfaceOrientationLandscapeLeft UIInterfaceOrientationLandscapeRight";
				LD_RUNPATH_SEARCH_PATHS = (
					"$(inherited)",
					"@executable_path/Frameworks",
				);
				MARKETING_VERSION = 1.0;
				PRODUCT_BUNDLE_IDENTIFIER = woin2ee.LocalNotificationExample;
				PRODUCT_NAME = "$(TARGET_NAME)";
				SWIFT_EMIT_LOC_STRINGS = YES;
				SWIFT_VERSION = 5.0;
				TARGETED_DEVICE_FAMILY = 1;
			};
			name = Release;
		};
		E8FB969A286A0CAF0091072B /* Debug */ = {
			isa = XCBuildConfiguration;
			baseConfigurationReference = 0B8435D484138E7E84D566AC /* Pods-LocalNotificationExample-LocalNotificationExampleUITests.debug.xcconfig */;
			buildSettings = {
				CODE_SIGN_STYLE = Automatic;
				CURRENT_PROJECT_VERSION = 1;
				DEVELOPMENT_TEAM = 2AVC8X7323;
				GENERATE_INFOPLIST_FILE = YES;
				IPHONEOS_DEPLOYMENT_TARGET = 15.0;
				MARKETING_VERSION = 1.0;
				PRODUCT_BUNDLE_IDENTIFIER = woin2ee.LocalNotificationExampleUITests;
				PRODUCT_NAME = "$(TARGET_NAME)";
				SWIFT_EMIT_LOC_STRINGS = NO;
				SWIFT_VERSION = 5.0;
				TARGETED_DEVICE_FAMILY = 1;
				TEST_TARGET_NAME = LocalNotificationExample;
			};
			name = Debug;
		};
		E8FB969B286A0CAF0091072B /* Release */ = {
			isa = XCBuildConfiguration;
			baseConfigurationReference = 3851DBA1AE3315744C950061 /* Pods-LocalNotificationExample-LocalNotificationExampleUITests.release.xcconfig */;
			buildSettings = {
				CODE_SIGN_STYLE = Automatic;
				CURRENT_PROJECT_VERSION = 1;
				DEVELOPMENT_TEAM = 2AVC8X7323;
				GENERATE_INFOPLIST_FILE = YES;
				IPHONEOS_DEPLOYMENT_TARGET = 15.0;
				MARKETING_VERSION = 1.0;
				PRODUCT_BUNDLE_IDENTIFIER = woin2ee.LocalNotificationExampleUITests;
				PRODUCT_NAME = "$(TARGET_NAME)";
				SWIFT_EMIT_LOC_STRINGS = NO;
				SWIFT_VERSION = 5.0;
				TARGETED_DEVICE_FAMILY = 1;
				TEST_TARGET_NAME = LocalNotificationExample;
			};
			name = Release;
		};
/* End XCBuildConfiguration section */

/* Begin XCConfigurationList section */
		E88E8A772869B5BE001C96FB /* Build configuration list for PBXProject "LocalNotificationExample" */ = {
			isa = XCConfigurationList;
			buildConfigurations = (
				E88E8A8E2869B5C0001C96FB /* Debug */,
				E88E8A8F2869B5C0001C96FB /* Release */,
			);
			defaultConfigurationIsVisible = 0;
			defaultConfigurationName = Release;
		};
		E88E8A902869B5C0001C96FB /* Build configuration list for PBXNativeTarget "LocalNotificationExample" */ = {
			isa = XCConfigurationList;
			buildConfigurations = (
				E88E8A912869B5C0001C96FB /* Debug */,
				E88E8A922869B5C0001C96FB /* Release */,
			);
			defaultConfigurationIsVisible = 0;
			defaultConfigurationName = Release;
		};
		E8FB9699286A0CAF0091072B /* Build configuration list for PBXNativeTarget "LocalNotificationExampleUITests" */ = {
			isa = XCConfigurationList;
			buildConfigurations = (
				E8FB969A286A0CAF0091072B /* Debug */,
				E8FB969B286A0CAF0091072B /* Release */,
			);
			defaultConfigurationIsVisible = 0;
			defaultConfigurationName = Release;
		};
/* End XCConfigurationList section */
	};
	rootObject = E88E8A742869B5BE001C96FB /* Project object */;
}
