PODS:
  - SFSafeSymbols (3.3.2)
  - SnapKit (5.6.0)

DEPENDENCIES:
  - SFSafeSymbols (>= 3.0)
  - SnapKit (~> 5.6.0)

SPEC REPOS:
  trunk:
    - SFSafeSymbols
    - SnapKit

SPEC CHECKSUMS:
  SFSafeSymbols: d06fdfe6e89b98f5cecfd9b0b59bd31f35981373
  SnapKit: e01d52ebb8ddbc333eefe2132acf85c8227d9c25

PODFILE CHECKSUM: 8d45347e462f92ab4610b64be3bd1fda41af1f6b

COCOAPODS: 1.11.3
